{
  "name": "emulator",
  "version": "1.0.0",
  "lockfileVersion": 2,
  "requires": true,
  "packages": {
    "": {
      "name": "emulator",
      "version": "1.0.0",
      "license": "ISC",
      "dependencies": {
        "@hyperionbt/helios": "^0.13.14"
      }
    },
    "node_modules/@hyperionbt/helios": {
      "version": "0.13.14",
      "resolved": "https://registry.npmjs.org/@hyperionbt/helios/-/helios-0.13.14.tgz",
      "integrity": "sha512-pyvqSbwd+LZt6RA9xOnMEDgBJ6ilpxUTcRhQyBy9qbEFD4vJ+4y+efpoWil2WWSvP1u90Mt2kfvzrZOS8zuyvA=="
    }
  },
  "dependencies": {
    "@hyperionbt/helios": {
      "version": "0.13.14",
      "resolved": "https://registry.npmjs.org/@hyperionbt/helios/-/helios-0.13.14.tgz",
      "integrity": "sha512-pyvqSbwd+LZt6RA9xOnMEDgBJ6ilpxUTcRhQyBy9qbEFD4vJ+4y+efpoWil2WWSvP1u90Mt2kfvzrZOS8zuyvA=="
    }
  }
}
